
Microsoft Visual Studio Solution File, Format Version 12.00
# Visual Studio Version 17
VisualStudioVersion = 17.6.33815.320
MinimumVisualStudioVersion = 10.0.40219.1
Project("{FAE04EC0-301F-11D3-BF4B-00C04F79EFBC}") = "WebApplication1", "WebApplication1\WebApplication1.csproj", "{58BF4448-CC55-4646-968A-F45DC286858F}"
EndProject
Global
	GlobalSection(SolutionConfigurationPlatforms) = preSolution
		Debug|Any CPU = Debug|Any CPU
		Release|Any CPU = Release|Any CPU
	EndGlobalSection
	GlobalSection(ProjectConfigurationPlatforms) = postSolution
		{58BF4448-CC55-4646-968A-F45DC286858F}.Debug|Any CPU.ActiveCfg = Debug|Any CPU
		{58BF4448-CC55-4646-968A-F45DC286858F}.Debug|Any CPU.Build.0 = Debug|Any CPU
		{58BF4448-CC55-4646-968A-F45DC286858F}.Release|Any CPU.ActiveCfg = Release|Any CPU
		{58BF4448-CC55-4646-968A-F45DC286858F}.Release|Any CPU.Build.0 = Release|Any CPU
	EndGlobalSection
	GlobalSection(SolutionProperties) = preSolution
		HideSolutionNode = FALSE
	EndGlobalSection
	GlobalSection(ExtensibilityGlobals) = postSolution
		SolutionGuid = {8E50364B-6571-45B9-A3C5-C86C71B8DD95}
	EndGlobalSection
EndGlobal
